{
    "_readme": [
        "This file locks the dependencies of your project to a known state",
        "Read more about it at https://getcomposer.org/doc/01-basic-usage.md#installing-dependencies",
        "This file is @generated automatically"
    ],
    "content-hash": "7b017fa3fc0bedc364eb7d03bc6d0dfd",
    "packages": [
        {
            "name": "lcobucci/clock",
            "version": "1.1.0",
            "source": {
                "type": "git",
                "url": "https://github.com/lcobucci/clock.git",
                "reference": "d11d20b6a3df872d34f3b18d5bf4cbe5a01a2451"
            },
            "dist": {
                "type": "zip",
                "url": "https://api.github.com/repos/lcobucci/clock/zipball/d11d20b6a3df872d34f3b18d5bf4cbe5a01a2451",
                "reference": "d11d20b6a3df872d34f3b18d5bf4cbe5a01a2451",
                "shasum": ""
            },
            "require": {
                "php": "^7.1"
            },
            "require-dev": {
                "phpunit/phpunit": "^6.1"
            },
            "type": "library",
            "extra": {
                "branch-alias": {
                    "dev-master": "1.1-dev"
                }
            },
            "autoload": {
                "psr-4": {
                    "Lcobucci\\Clock\\": "src"
                }
            },
            "notification-url": "https://packagist.org/downloads/",
            "license": [
                "MIT"
            ],
            "authors": [
                {
                    "name": "Luís Cobucci",
                    "email": "lcobucci@gmail.com"
                }
            ],
            "description": "Yet another clock abstraction",
            "time": "2018-01-19T15:38:44+00:00"
        },
        {
            "name": "lcobucci/jose-parsing",
            "version": "2.2.0",
            "source": {
                "type": "git",
                "url": "https://github.com/lcobucci/jose-parsing.git",
                "reference": "ea0eaed79c3a5ca9ece3f824ecfe1e798fd1e1f4"
            },
            "dist": {
                "type": "zip",
                "url": "https://api.github.com/repos/lcobucci/jose-parsing/zipball/ea0eaed79c3a5ca9ece3f824ecfe1e798fd1e1f4",
                "reference": "ea0eaed79c3a5ca9ece3f824ecfe1e798fd1e1f4",
                "shasum": ""
            },
            "require": {
                "php": "^7.1"
            },
            "require-dev": {
                "phpmd/phpmd": "^2.3",
                "phpunit/phpunit": "^6.0",
                "squizlabs/php_codesniffer": "^2.3"
            },
            "type": "library",
            "extra": {
                "branch-alias": {
                    "dev-master": "2.2-dev"
                }
            },
            "autoload": {
                "psr-4": {
                    "Lcobucci\\Jose\\Parsing\\": "src"
                }
            },
            "notification-url": "https://packagist.org/downloads/",
            "license": [
                "BSD-3-Clause"
            ],
            "authors": [
                {
                    "name": "Luís Otávio Cobucci Oblonczyk",
                    "email": "lcobucci@gmail.com",
                    "role": "Developer"
                }
            ],
            "description": "A basic Base64Url and JSON encoding/decoding implementation",
            "keywords": [
                "JOSE",
                "base64url"
            ],
            "time": "2017-02-12T22:14:17+00:00"
        },
        {
            "name": "lcobucci/jwt",
            "version": "4.0.0-alpha1",
            "source": {
                "type": "git",
                "url": "https://github.com/lcobucci/jwt.git",
                "reference": "30969dac05855cf0123b2a8809c77542aba85dfa"
            },
            "dist": {
                "type": "zip",
                "url": "https://api.github.com/repos/lcobucci/jwt/zipball/30969dac05855cf0123b2a8809c77542aba85dfa",
                "reference": "30969dac05855cf0123b2a8809c77542aba85dfa",
                "shasum": ""
            },
            "require": {
                "ext-openssl": "*",
                "lcobucci/clock": "^1.0",
                "lcobucci/jose-parsing": "~2.1",
                "php": "^7.1"
            },
            "require-dev": {
                "mdanter/ecc": "^0.4",
                "mikey179/vfsstream": "^1.6",
                "phpmd/phpmd": "^2.5",
                "phpunit/php-invoker": "^1.1",
                "phpunit/phpunit": "^6.0",
                "squizlabs/php_codesniffer": "^2.7"
            },
            "suggest": {
                "mdanter/ecc": "Required to use Elliptic Curves based algorithms."
            },
            "type": "library",
            "extra": {
                "branch-alias": {
                    "dev-master": "4.0-dev"
                }
            },
            "autoload": {
                "psr-4": {
                    "Lcobucci\\JWT\\": "src"
                }
            },
            "notification-url": "https://packagist.org/downloads/",
            "license": [
                "BSD-3-Clause"
            ],
            "authors": [
                {
                    "name": "Luís Cobucci",
                    "email": "lcobucci@gmail.com",
                    "role": "Developer"
                }
            ],
            "description": "A simple library to work with JSON Web Token and JSON Web Signature",
            "keywords": [
                "JWS",
                "jwt"
            ],
            "time": "2017-05-07T21:25:30+00:00"
        }
    ],
    "packages-dev": [],
    "aliases": [],
    "minimum-stability": "dev",
    "stability-flags": {
        "lcobucci/jwt": 15
    },
    "prefer-stable": false,
    "prefer-lowest": false,
    "platform": [],
    "platform-dev": []
}
